{
  "requires": true,
  "lockfileVersion": 1,
  "dependencies": {
    "codemirror": {
      "version": "5.65.0",
      "resolved": "https://registry.npmjs.org/codemirror/-/codemirror-5.65.0.tgz",
      "integrity": "sha512-gWEnHKEcz1Hyz7fsQWpK7P0sPI2/kSkRX2tc7DFA6TmZuDN75x/1ejnH/Pn8adYKrLEA1V2ww6L00GudHZbSKw=="
    },
    "react-codemirror-runmode": {
      "version": "1.0.5",
      "resolved": "https://registry.npmjs.org/react-codemirror-runmode/-/react-codemirror-runmode-1.0.5.tgz",
      "integrity": "sha512-6TzbODi0WSllc0VOwOjTpZxE9wUheMMpmBNydzR5o0NbbBLX0j73xutH/o85BTG9NKs06sFEBMvCsRKT6jRz8A=="
    }
  }
}
